
Microsoft Visual Studio Solution File, Format Version 12.00
# Visual Studio 14
VisualStudioVersion = 14.0.25420.1
MinimumVisualStudioVersion = 10.0.40219.1
Project("{FAE04EC0-301F-11D3-BF4B-00C04F79EFBC}") = "WebDisk.Web", "WebDisk.Web\WebDisk.Web.csproj", "{34275046-485A-4B86-A1B4-941E74B8E3CD}"
EndProject
Project("{FAE04EC0-301F-11D3-BF4B-00C04F79EFBC}") = "WebDisk.Database", "WebDisk.Database\WebDisk.Database.csproj", "{D2DED379-4322-4B01-9BE8-CF68F7A57452}"
EndProject
Project("{FAE04EC0-301F-11D3-BF4B-00C04F79EFBC}") = "WebDisk.BusinessLogic", "WebDisk.BusinessLogic\WebDisk.BusinessLogic.csproj", "{BF131314-D6DE-4118-B2B6-72D580B8D35E}"
EndProject
Project("{FAE04EC0-301F-11D3-BF4B-00C04F79EFBC}") = "WebDisk.BusinessLogic.Tests", "WebDisk.BusinessLogic.Tests\WebDisk.BusinessLogic.Tests.csproj", "{EDD98BC0-B1F6-4733-9CEA-37C135048906}"
EndProject
Global
	GlobalSection(SolutionConfigurationPlatforms) = preSolution
		Debug|Any CPU = Debug|Any CPU
		Release|Any CPU = Release|Any CPU
	EndGlobalSection
	GlobalSection(ProjectConfigurationPlatforms) = postSolution
		{34275046-485A-4B86-A1B4-941E74B8E3CD}.Debug|Any CPU.ActiveCfg = Debug|Any CPU
		{34275046-485A-4B86-A1B4-941E74B8E3CD}.Debug|Any CPU.Build.0 = Debug|Any CPU
		{34275046-485A-4B86-A1B4-941E74B8E3CD}.Release|Any CPU.ActiveCfg = Release|Any CPU
		{34275046-485A-4B86-A1B4-941E74B8E3CD}.Release|Any CPU.Build.0 = Release|Any CPU
		{D2DED379-4322-4B01-9BE8-CF68F7A57452}.Debug|Any CPU.ActiveCfg = Debug|Any CPU
		{D2DED379-4322-4B01-9BE8-CF68F7A57452}.Debug|Any CPU.Build.0 = Debug|Any CPU
		{D2DED379-4322-4B01-9BE8-CF68F7A57452}.Release|Any CPU.ActiveCfg = Release|Any CPU
		{D2DED379-4322-4B01-9BE8-CF68F7A57452}.Release|Any CPU.Build.0 = Release|Any CPU
		{BF131314-D6DE-4118-B2B6-72D580B8D35E}.Debug|Any CPU.ActiveCfg = Debug|Any CPU
		{BF131314-D6DE-4118-B2B6-72D580B8D35E}.Debug|Any CPU.Build.0 = Debug|Any CPU
		{BF131314-D6DE-4118-B2B6-72D580B8D35E}.Release|Any CPU.ActiveCfg = Release|Any CPU
		{BF131314-D6DE-4118-B2B6-72D580B8D35E}.Release|Any CPU.Build.0 = Release|Any CPU
		{EDD98BC0-B1F6-4733-9CEA-37C135048906}.Debug|Any CPU.ActiveCfg = Debug|Any CPU
		{EDD98BC0-B1F6-4733-9CEA-37C135048906}.Debug|Any CPU.Build.0 = Debug|Any CPU
		{EDD98BC0-B1F6-4733-9CEA-37C135048906}.Release|Any CPU.ActiveCfg = Release|Any CPU
		{EDD98BC0-B1F6-4733-9CEA-37C135048906}.Release|Any CPU.Build.0 = Release|Any CPU
	EndGlobalSection
	GlobalSection(SolutionProperties) = preSolution
		HideSolutionNode = FALSE
	EndGlobalSection
EndGlobal
